// !$*UTF8*$!
{
	archiveVersion = 1;
	classes = {
	};
	objectVersion = 46;
	objects = {

/* Begin PBXBuildFile section */
		67D5F0501EBC263300AB2096 /* AppDelegate.swift in Sources */ = {isa = PBXBuildFile; fileRef = 67D5F04F1EBC263300AB2096 /* AppDelegate.swift */; };
		67D5F0521EBC263300AB2096 /* ViewController.swift in Sources */ = {isa = PBXBuildFile; fileRef = 67D5F0511EBC263300AB2096 /* ViewController.swift */; };
		67D5F0551EBC263300AB2096 /* Main.storyboard in Resources */ = {isa = PBXBuildFile; fileRef = 67D5F0531EBC263300AB2096 /* Main.storyboard */; };
		67D5F0571EBC263300AB2096 /* Assets.xcassets in Resources */ = {isa = PBXBuildFile; fileRef = 67D5F0561EBC263300AB2096 /* Assets.xcassets */; };
		67D5F05A1EBC263300AB2096 /* LaunchScreen.storyboard in Resources */ = {isa = PBXBuildFile; fileRef = 67D5F0581EBC263300AB2096 /* LaunchScreen.storyboard */; };
		67D5F0641EBC295700AB2096 /* changwats.json in Resources */ = {isa = PBXBuildFile; fileRef = 67D5F0611EBC295700AB2096 /* changwats.json */; };
		67D5F0651EBC295700AB2096 /* amphoes.json in Resources */ = {isa = PBXBuildFile; fileRef = 67D5F0621EBC295700AB2096 /* amphoes.json */; };
		67D5F0661EBC295700AB2096 /* tambons.json in Resources */ = {isa = PBXBuildFile; fileRef = 67D5F0631EBC295700AB2096 /* tambons.json */; };
		F8902FBA6B526850493887A2 /* Pods_address.framework in Frameworks */ = {isa = PBXBuildFile; fileRef = AF3B3546AA680D1726E40C2D /* Pods_address.framework */; };
/* End PBXBuildFile section */

/* Begin PBXFileReference section */
		67D5F04C1EBC263300AB2096 /* address.app */ = {isa = PBXFileReference; explicitFileType = wrapper.application; includeInIndex = 0; path = address.app; sourceTree = BUILT_PRODUCTS_DIR; };
		67D5F04F1EBC263300AB2096 /* AppDelegate.swift */ = {isa = PBXFileReference; lastKnownFileType = sourcecode.swift; path = AppDelegate.swift; sourceTree = "<group>"; };
		67D5F0511EBC263300AB2096 /* ViewController.swift */ = {isa = PBXFileReference; lastKnownFileType = sourcecode.swift; path = ViewController.swift; sourceTree = "<group>"; };
		67D5F0541EBC263300AB2096 /* Base */ = {isa = PBXFileReference; lastKnownFileType = file.storyboard; name = Base; path = Base.lproj/Main.storyboard; sourceTree = "<group>"; };
		67D5F0561EBC263300AB2096 /* Assets.xcassets */ = {isa = PBXFileReference; lastKnownFileType = folder.assetcatalog; path = Assets.xcassets; sourceTree = "<group>"; };
		67D5F0591EBC263300AB2096 /* Base */ = {isa = PBXFileReference; lastKnownFileType = file.storyboard; name = Base; path = Base.lproj/LaunchScreen.storyboard; sourceTree = "<group>"; };
		67D5F05B1EBC263300AB2096 /* Info.plist */ = {isa = PBXFileReference; lastKnownFileType = text.plist.xml; path = Info.plist; sourceTree = "<group>"; };
		67D5F0611EBC295700AB2096 /* changwats.json */ = {isa = PBXFileReference; fileEncoding = 4; lastKnownFileType = text.json; path = changwats.json; sourceTree = "<group>"; };
		67D5F0621EBC295700AB2096 /* amphoes.json */ = {isa = PBXFileReference; fileEncoding = 4; lastKnownFileType = text.json; path = amphoes.json; sourceTree = "<group>"; };
		67D5F0631EBC295700AB2096 /* tambons.json */ = {isa = PBXFileReference; fileEncoding = 4; lastKnownFileType = text.json; path = tambons.json; sourceTree = "<group>"; };
		6C6490EE75BF4B4B2E409018 /* Pods-address.release.xcconfig */ = {isa = PBXFileReference; includeInIndex = 1; lastKnownFileType = text.xcconfig; name = "Pods-address.release.xcconfig"; path = "Pods/Target Support Files/Pods-address/Pods-address.release.xcconfig"; sourceTree = "<group>"; };
		AF3B3546AA680D1726E40C2D /* Pods_address.framework */ = {isa = PBXFileReference; explicitFileType = wrapper.framework; includeInIndex = 0; path = Pods_address.framework; sourceTree = BUILT_PRODUCTS_DIR; };
		C82C2E2217B3D48514024A93 /* Pods-address.debug.xcconfig */ = {isa = PBXFileReference; includeInIndex = 1; lastKnownFileType = text.xcconfig; name = "Pods-address.debug.xcconfig"; path = "Pods/Target Support Files/Pods-address/Pods-address.debug.xcconfig"; sourceTree = "<group>"; };
/* End PBXFileReference section */

/* Begin PBXFrameworksBuildPhase section */
		67D5F0491EBC263200AB2096 /* Frameworks */ = {
			isa = PBXFrameworksBuildPhase;
			buildActionMask = 2147483647;
			files = (
				F8902FBA6B526850493887A2 /* Pods_address.framework in Frameworks */,
			);
			runOnlyForDeploymentPostprocessing = 0;
		};
/* End PBXFrameworksBuildPhase section */

/* Begin PBXGroup section */
		157254C9B33EAE3EC6EB7F75 /* Pods */ = {
			isa = PBXGroup;
			children = (
				C82C2E2217B3D48514024A93 /* Pods-address.debug.xcconfig */,
				6C6490EE75BF4B4B2E409018 /* Pods-address.release.xcconfig */,
			);
			name = Pods;
			sourceTree = "<group>";
		};
		67D5F0431EBC263200AB2096 = {
			isa = PBXGroup;
			children = (
				67D5F04E1EBC263300AB2096 /* address */,
				67D5F04D1EBC263300AB2096 /* Products */,
				157254C9B33EAE3EC6EB7F75 /* Pods */,
				99344B0C071F9A5DFC6C296B /* Frameworks */,
			);
			sourceTree = "<group>";
		};
		67D5F04D1EBC263300AB2096 /* Products */ = {
			isa = PBXGroup;
			children = (
				67D5F04C1EBC263300AB2096 /* address.app */,
			);
			name = Products;
			sourceTree = "<group>";
		};
		67D5F04E1EBC263300AB2096 /* address */ = {
			isa = PBXGroup;
			children = (
				67D5F0671EBC295A00AB2096 /* Address List */,
				67D5F04F1EBC263300AB2096 /* AppDelegate.swift */,
				67D5F0511EBC263300AB2096 /* ViewController.swift */,
				67D5F0531EBC263300AB2096 /* Main.storyboard */,
				67D5F0561EBC263300AB2096 /* Assets.xcassets */,
				67D5F0581EBC263300AB2096 /* LaunchScreen.storyboard */,
				67D5F05B1EBC263300AB2096 /* Info.plist */,
			);
			path = address;
			sourceTree = "<group>";
		};
		67D5F0671EBC295A00AB2096 /* Address List */ = {
			isa = PBXGroup;
			children = (
				67D5F0611EBC295700AB2096 /* changwats.json */,
				67D5F0621EBC295700AB2096 /* amphoes.json */,
				67D5F0631EBC295700AB2096 /* tambons.json */,
			);
			name = "Address List";
			sourceTree = "<group>";
		};
		99344B0C071F9A5DFC6C296B /* Frameworks */ = {
			isa = PBXGroup;
			children = (
				AF3B3546AA680D1726E40C2D /* Pods_address.framework */,
			);
			name = Frameworks;
			sourceTree = "<group>";
		};
/* End PBXGroup section */

/* Begin PBXNativeTarget section */
		67D5F04B1EBC263200AB2096 /* address */ = {
			isa = PBXNativeTarget;
			buildConfigurationList = 67D5F05E1EBC263300AB2096 /* Build configuration list for PBXNativeTarget "address" */;
			buildPhases = (
				62785D2C7E6FD1CE742DD68F /* [CP] Check Pods Manifest.lock */,
				67D5F0481EBC263200AB2096 /* Sources */,
				67D5F0491EBC263200AB2096 /* Frameworks */,
				67D5F04A1EBC263200AB2096 /* Resources */,
				1FFE97BF1FE9902BE820A292 /* [CP] Embed Pods Frameworks */,
				BDB1C394CC0B341255FCB44F /* [CP] Copy Pods Resources */,
			);
			buildRules = (
			);
			dependencies = (
			);
			name = address;
			productName = address;
			productReference = 67D5F04C1EBC263300AB2096 /* address.app */;
			productType = "com.apple.product-type.application";
		};
/* End PBXNativeTarget section */

/* Begin PBXProject section */
		67D5F0441EBC263200AB2096 /* Project object */ = {
			isa = PBXProject;
			attributes = {
				LastSwiftUpdateCheck = 0820;
				LastUpgradeCheck = 0820;
				ORGANIZATIONNAME = "Pun Corp";
				TargetAttributes = {
					67D5F04B1EBC263200AB2096 = {
						CreatedOnToolsVersion = 8.2.1;
						DevelopmentTeam = 4Q5F95BHL7;
						ProvisioningStyle = Automatic;
					};
				};
			};
			buildConfigurationList = 67D5F0471EBC263200AB2096 /* Build configuration list for PBXProject "address" */;
			compatibilityVersion = "Xcode 3.2";
			developmentRegion = English;
			hasScannedForEncodings = 0;
			knownRegions = (
				en,
				Base,
			);
			mainGroup = 67D5F0431EBC263200AB2096;
			productRefGroup = 67D5F04D1EBC263300AB2096 /* Products */;
			projectDirPath = "";
			projectRoot = "";
			targets = (
				67D5F04B1EBC263200AB2096 /* address */,
			);
		};
/* End PBXProject section */

/* Begin PBXResourcesBuildPhase section */
		67D5F04A1EBC263200AB2096 /* Resources */ = {
			isa = PBXResourcesBuildPhase;
			buildActionMask = 2147483647;
			files = (
				67D5F0651EBC295700AB2096 /* amphoes.json in Resources */,
				67D5F05A1EBC263300AB2096 /* LaunchScreen.storyboard in Resources */,
				67D5F0661EBC295700AB2096 /* tambons.json in Resources */,
				67D5F0571EBC263300AB2096 /* Assets.xcassets in Resources */,
				67D5F0641EBC295700AB2096 /* changwats.json in Resources */,
				67D5F0551EBC263300AB2096 /* Main.storyboard in Resources */,
			);
			runOnlyForDeploymentPostprocessing = 0;
		};
/* End PBXResourcesBuildPhase section */

/* Begin PBXShellScriptBuildPhase section */
		1FFE97BF1FE9902BE820A292 /* [CP] Embed Pods Frameworks */ = {
			isa = PBXShellScriptBuildPhase;
			buildActionMask = 2147483647;
			files = (
			);
			inputPaths = (
			);
			name = "[CP] Embed Pods Frameworks";
			outputPaths = (
			);
			runOnlyForDeploymentPostprocessing = 0;
			shellPath = /bin/sh;
			shellScript = "\"${SRCROOT}/Pods/Target Support Files/Pods-address/Pods-address-frameworks.sh\"\n";
			showEnvVarsInLog = 0;
		};
		62785D2C7E6FD1CE742DD68F /* [CP] Check Pods Manifest.lock */ = {
			isa = PBXShellScriptBuildPhase;
			buildActionMask = 2147483647;
			files = (
			);
			inputPaths = (
			);
			name = "[CP] Check Pods Manifest.lock";
			outputPaths = (
			);
			runOnlyForDeploymentPostprocessing = 0;
			shellPath = /bin/sh;
			shellScript = "diff \"${PODS_ROOT}/../Podfile.lock\" \"${PODS_ROOT}/Manifest.lock\" > /dev/null\nif [ $? != 0 ] ; then\n    # print error to STDERR\n    echo \"error: The sandbox is not in sync with the Podfile.lock. Run 'pod install' or update your CocoaPods installation.\" >&2\n    exit 1\nfi\n";
			showEnvVarsInLog = 0;
		};
		BDB1C394CC0B341255FCB44F /* [CP] Copy Pods Resources */ = {
			isa = PBXShellScriptBuildPhase;
			buildActionMask = 2147483647;
			files = (
			);
			inputPaths = (
			);
			name = "[CP] Copy Pods Resources";
			outputPaths = (
			);
			runOnlyForDeploymentPostprocessing = 0;
			shellPath = /bin/sh;
			shellScript = "\"${SRCROOT}/Pods/Target Support Files/Pods-address/Pods-address-resources.sh\"\n";
			showEnvVarsInLog = 0;
		};
/* End PBXShellScriptBuildPhase section */

/* Begin PBXSourcesBuildPhase section */
		67D5F0481EBC263200AB2096 /* Sources */ = {
			isa = PBXSourcesBuildPhase;
			buildActionMask = 2147483647;
			files = (
				67D5F0521EBC263300AB2096 /* ViewController.swift in Sources */,
				67D5F0501EBC263300AB2096 /* AppDelegate.swift in Sources */,
			);
			runOnlyForDeploymentPostprocessing = 0;
		};
/* End PBXSourcesBuildPhase section */

/* Begin PBXVariantGroup section */
		67D5F0531EBC263300AB2096 /* Main.storyboard */ = {
			isa = PBXVariantGroup;
			children = (
				67D5F0541EBC263300AB2096 /* Base */,
			);
			name = Main.storyboard;
			sourceTree = "<group>";
		};
		67D5F0581EBC263300AB2096 /* LaunchScreen.storyboard */ = {
			isa = PBXVariantGroup;
			children = (
				67D5F0591EBC263300AB2096 /* Base */,
			);
			name = LaunchScreen.storyboard;
			sourceTree = "<group>";
		};
/* End PBXVariantGroup section */

/* Begin XCBuildConfiguration section */
		67D5F05C1EBC263300AB2096 /* Debug */ = {
			isa = XCBuildConfiguration;
			buildSettings = {
				ALWAYS_SEARCH_USER_PATHS = NO;
				CLANG_ANALYZER_NONNULL = YES;
				CLANG_CXX_LANGUAGE_STANDARD = "gnu++0x";
				CLANG_CXX_LIBRARY = "libc++";
				CLANG_ENABLE_MODULES = YES;
				CLANG_ENABLE_OBJC_ARC = YES;
				CLANG_WARN_BOOL_CONVERSION = YES;
				CLANG_WARN_CONSTANT_CONVERSION = YES;
				CLANG_WARN_DIRECT_OBJC_ISA_USAGE = YES_ERROR;
				CLANG_WARN_DOCUMENTATION_COMMENTS = YES;
				CLANG_WARN_EMPTY_BODY = YES;
				CLANG_WARN_ENUM_CONVERSION = YES;
				CLANG_WARN_INFINITE_RECURSION = YES;
				CLANG_WARN_INT_CONVERSION = YES;
				CLANG_WARN_OBJC_ROOT_CLASS = YES_ERROR;
				CLANG_WARN_SUSPICIOUS_MOVE = YES;
				CLANG_WARN_UNREACHABLE_CODE = YES;
				CLANG_WARN__DUPLICATE_METHOD_MATCH = YES;
				"CODE_SIGN_IDENTITY[sdk=iphoneos*]" = "iPhone Developer";
				COPY_PHASE_STRIP = NO;
				DEBUG_INFORMATION_FORMAT = dwarf;
				ENABLE_STRICT_OBJC_MSGSEND = YES;
				ENABLE_TESTABILITY = YES;
				GCC_C_LANGUAGE_STANDARD = gnu99;
				GCC_DYNAMIC_NO_PIC = NO;
				GCC_NO_COMMON_BLOCKS = YES;
				GCC_OPTIMIZATION_LEVEL = 0;
				GCC_PREPROCESSOR_DEFINITIONS = (
					"DEBUG=1",
					"$(inherited)",
				);
				GCC_WARN_64_TO_32_BIT_CONVERSION = YES;
				GCC_WARN_ABOUT_RETURN_TYPE = YES_ERROR;
				GCC_WARN_UNDECLARED_SELECTOR = YES;
				GCC_WARN_UNINITIALIZED_AUTOS = YES_AGGRESSIVE;
				GCC_WARN_UNUSED_FUNCTION = YES;
				GCC_WARN_UNUSED_VARIABLE = YES;
				IPHONEOS_DEPLOYMENT_TARGET = 10.2;
				MTL_ENABLE_DEBUG_INFO = YES;
				ONLY_ACTIVE_ARCH = YES;
				SDKROOT = iphoneos;
				SWIFT_ACTIVE_COMPILATION_CONDITIONS = DEBUG;
				SWIFT_OPTIMIZATION_LEVEL = "-Onone";
				TARGETED_DEVICE_FAMILY = "1,2";
			};
			name = Debug;
		};
		67D5F05D1EBC263300AB2096 /* Release */ = {
			isa = XCBuildConfiguration;
			buildSettings = {
				ALWAYS_SEARCH_USER_PATHS = NO;
				CLANG_ANALYZER_NONNULL = YES;
				CLANG_CXX_LANGUAGE_STANDARD = "gnu++0x";
				CLANG_CXX_LIBRARY = "libc++";
				CLANG_ENABLE_MODULES = YES;
				CLANG_ENABLE_OBJC_ARC = YES;
				CLANG_WARN_BOOL_CONVERSION = YES;
				CLANG_WARN_CONSTANT_CONVERSION = YES;
				CLANG_WARN_DIRECT_OBJC_ISA_USAGE = YES_ERROR;
				CLANG_WARN_DOCUMENTATION_COMMENTS = YES;
				CLANG_WARN_EMPTY_BODY = YES;
				CLANG_WARN_ENUM_CONVERSION = YES;
				CLANG_WARN_INFINITE_RECURSION = YES;
				CLANG_WARN_INT_CONVERSION = YES;
				CLANG_WARN_OBJC_ROOT_CLASS = YES_ERROR;
				CLANG_WARN_SUSPICIOUS_MOVE = YES;
				CLANG_WARN_UNREACHABLE_CODE = YES;
				CLANG_WARN__DUPLICATE_METHOD_MATCH = YES;
				"CODE_SIGN_IDENTITY[sdk=iphoneos*]" = "iPhone Developer";
				COPY_PHASE_STRIP = NO;
				DEBUG_INFORMATION_FORMAT = "dwarf-with-dsym";
				ENABLE_NS_ASSERTIONS = NO;
				ENABLE_STRICT_OBJC_MSGSEND = YES;
				GCC_C_LANGUAGE_STANDARD = gnu99;
				GCC_NO_COMMON_BLOCKS = YES;
				GCC_WARN_64_TO_32_BIT_CONVERSION = YES;
				GCC_WARN_ABOUT_RETURN_TYPE = YES_ERROR;
				GCC_WARN_UNDECLARED_SELECTOR = YES;
				GCC_WARN_UNINITIALIZED_AUTOS = YES_AGGRESSIVE;
				GCC_WARN_UNUSED_FUNCTION = YES;
				GCC_WARN_UNUSED_VARIABLE = YES;
				IPHONEOS_DEPLOYMENT_TARGET = 10.2;
				MTL_ENABLE_DEBUG_INFO = NO;
				SDKROOT = iphoneos;
				SWIFT_OPTIMIZATION_LEVEL = "-Owholemodule";
				TARGETED_DEVICE_FAMILY = "1,2";
				VALIDATE_PRODUCT = YES;
			};
			name = Release;
		};
		67D5F05F1EBC263300AB2096 /* Debug */ = {
			isa = XCBuildConfiguration;
			baseConfigurationReference = C82C2E2217B3D48514024A93 /* Pods-address.debug.xcconfig */;
			buildSettings = {
				ASSETCATALOG_COMPILER_APPICON_NAME = AppIcon;
				DEVELOPMENT_TEAM = 4Q5F95BHL7;
				INFOPLIST_FILE = address/Info.plist;
				LD_RUNPATH_SEARCH_PATHS = "$(inherited) @executable_path/Frameworks";
				PRODUCT_BUNDLE_IDENTIFIER = com.puncorp.address;
				PRODUCT_NAME = "$(TARGET_NAME)";
				SWIFT_VERSION = 3.0;
			};
			name = Debug;
		};
		67D5F0601EBC263300AB2096 /* Release */ = {
			isa = XCBuildConfiguration;
			baseConfigurationReference = 6C6490EE75BF4B4B2E409018 /* Pods-address.release.xcconfig */;
			buildSettings = {
				ASSETCATALOG_COMPILER_APPICON_NAME = AppIcon;
				DEVELOPMENT_TEAM = 4Q5F95BHL7;
				INFOPLIST_FILE = address/Info.plist;
				LD_RUNPATH_SEARCH_PATHS = "$(inherited) @executable_path/Frameworks";
				PRODUCT_BUNDLE_IDENTIFIER = com.puncorp.address;
				PRODUCT_NAME = "$(TARGET_NAME)";
				SWIFT_VERSION = 3.0;
			};
			name = Release;
		};
/* End XCBuildConfiguration section */

/* Begin XCConfigurationList section */
		67D5F0471EBC263200AB2096 /* Build configuration list for PBXProject "address" */ = {
			isa = XCConfigurationList;
			buildConfigurations = (
				67D5F05C1EBC263300AB2096 /* Debug */,
				67D5F05D1EBC263300AB2096 /* Release */,
			);
			defaultConfigurationIsVisible = 0;
			defaultConfigurationName = Release;
		};
		67D5F05E1EBC263300AB2096 /* Build configuration list for PBXNativeTarget "address" */ = {
			isa = XCConfigurationList;
			buildConfigurations = (
				67D5F05F1EBC263300AB2096 /* Debug */,
				67D5F0601EBC263300AB2096 /* Release */,
			);
			defaultConfigurationIsVisible = 0;
		};
/* End XCConfigurationList section */
	};
	rootObject = 67D5F0441EBC263200AB2096 /* Project object */;
}
